
Microsoft Visual Studio Solution File, Format Version 12.00
# Visual Studio Version 16
VisualStudioVersion = 16.0.29926.136
MinimumVisualStudioVersion = 10.0.40219.1
Project("{FAE04EC0-301F-11D3-BF4B-00C04F79EFBC}") = "Entrvista.Dominio", "Entrvista.Dominio\Entrvista.Dominio.csproj", "{9B28C5F2-B7A8-4C31-A827-06404EFA4C93}"
EndProject
Project("{FAE04EC0-301F-11D3-BF4B-00C04F79EFBC}") = "Entrevista.Infra", "Entrevista.Infra\Entrevista.Infra.csproj", "{909D5E8A-3552-440F-9B71-32A0C7CB712D}"
EndProject
Project("{FAE04EC0-301F-11D3-BF4B-00C04F79EFBC}") = "Entrevista.Api", "Entrevista.Api\Entrevista.Api.csproj", "{9066D468-CDD8-4280-99AF-4898622E9837}"
EndProject
Project("{FAE04EC0-301F-11D3-BF4B-00C04F79EFBC}") = "Entrevista.Dominio.Teste", "Entrevista.Dominio.Teste\Entrevista.Dominio.Teste.csproj", "{0D48930C-D9D4-4521-BC46-003507D3F606}"
EndProject
Project("{FAE04EC0-301F-11D3-BF4B-00C04F79EFBC}") = "Entrevista.Compartilhado", "Entrevista.Compartilhado\Entrevista.Compartilhado.csproj", "{B901C5D3-CAC0-4EFC-B0AD-E76E3A62D993}"
EndProject
Global
	GlobalSection(SolutionConfigurationPlatforms) = preSolution
		Debug|Any CPU = Debug|Any CPU
		Release|Any CPU = Release|Any CPU
	EndGlobalSection
	GlobalSection(ProjectConfigurationPlatforms) = postSolution
		{9B28C5F2-B7A8-4C31-A827-06404EFA4C93}.Debug|Any CPU.ActiveCfg = Debug|Any CPU
		{9B28C5F2-B7A8-4C31-A827-06404EFA4C93}.Debug|Any CPU.Build.0 = Debug|Any CPU
		{9B28C5F2-B7A8-4C31-A827-06404EFA4C93}.Release|Any CPU.ActiveCfg = Release|Any CPU
		{9B28C5F2-B7A8-4C31-A827-06404EFA4C93}.Release|Any CPU.Build.0 = Release|Any CPU
		{909D5E8A-3552-440F-9B71-32A0C7CB712D}.Debug|Any CPU.ActiveCfg = Debug|Any CPU
		{909D5E8A-3552-440F-9B71-32A0C7CB712D}.Debug|Any CPU.Build.0 = Debug|Any CPU
		{909D5E8A-3552-440F-9B71-32A0C7CB712D}.Release|Any CPU.ActiveCfg = Release|Any CPU
		{909D5E8A-3552-440F-9B71-32A0C7CB712D}.Release|Any CPU.Build.0 = Release|Any CPU
		{9066D468-CDD8-4280-99AF-4898622E9837}.Debug|Any CPU.ActiveCfg = Debug|Any CPU
		{9066D468-CDD8-4280-99AF-4898622E9837}.Debug|Any CPU.Build.0 = Debug|Any CPU
		{9066D468-CDD8-4280-99AF-4898622E9837}.Release|Any CPU.ActiveCfg = Release|Any CPU
		{9066D468-CDD8-4280-99AF-4898622E9837}.Release|Any CPU.Build.0 = Release|Any CPU
		{0D48930C-D9D4-4521-BC46-003507D3F606}.Debug|Any CPU.ActiveCfg = Debug|Any CPU
		{0D48930C-D9D4-4521-BC46-003507D3F606}.Debug|Any CPU.Build.0 = Debug|Any CPU
		{0D48930C-D9D4-4521-BC46-003507D3F606}.Release|Any CPU.ActiveCfg = Release|Any CPU
		{0D48930C-D9D4-4521-BC46-003507D3F606}.Release|Any CPU.Build.0 = Release|Any CPU
		{B901C5D3-CAC0-4EFC-B0AD-E76E3A62D993}.Debug|Any CPU.ActiveCfg = Debug|Any CPU
		{B901C5D3-CAC0-4EFC-B0AD-E76E3A62D993}.Debug|Any CPU.Build.0 = Debug|Any CPU
		{B901C5D3-CAC0-4EFC-B0AD-E76E3A62D993}.Release|Any CPU.ActiveCfg = Release|Any CPU
		{B901C5D3-CAC0-4EFC-B0AD-E76E3A62D993}.Release|Any CPU.Build.0 = Release|Any CPU
	EndGlobalSection
	GlobalSection(SolutionProperties) = preSolution
		HideSolutionNode = FALSE
	EndGlobalSection
	GlobalSection(ExtensibilityGlobals) = postSolution
		SolutionGuid = {60953039-E757-47C0-90AF-243B9F03A724}
	EndGlobalSection
EndGlobal
